
Microsoft Visual Studio Solution File, Format Version 12.00
# Visual Studio Version 16
VisualStudioVersion = 16.0.28803.202
MinimumVisualStudioVersion = 10.0.40219.1
Project("{FAE04EC0-301F-11D3-BF4B-00C04F79EFBC}") = "Uygulama1", "Uygulama1\Uygulama1.csproj", "{14CF532C-26F1-4D82-9394-1FFD29CE556F}"
EndProject
Global
	GlobalSection(SolutionConfigurationPlatforms) = preSolution
		Debug|Any CPU = Debug|Any CPU
		Release|Any CPU = Release|Any CPU
	EndGlobalSection
	GlobalSection(ProjectConfigurationPlatforms) = postSolution
		{14CF532C-26F1-4D82-9394-1FFD29CE556F}.Debug|Any CPU.ActiveCfg = Debug|Any CPU
		{14CF532C-26F1-4D82-9394-1FFD29CE556F}.Debug|Any CPU.Build.0 = Debug|Any CPU
		{14CF532C-26F1-4D82-9394-1FFD29CE556F}.Release|Any CPU.ActiveCfg = Release|Any CPU
		{14CF532C-26F1-4D82-9394-1FFD29CE556F}.Release|Any CPU.Build.0 = Release|Any CPU
	EndGlobalSection
	GlobalSection(SolutionProperties) = preSolution
		HideSolutionNode = FALSE
	EndGlobalSection
	GlobalSection(ExtensibilityGlobals) = postSolution
		SolutionGuid = {00988538-1587-4D1A-A401-D76212E6CA19}
	EndGlobalSection
EndGlobal
